
Microsoft Visual Studio Solution File, Format Version 12.00
# Visual Studio Version 16
VisualStudioVersion = 25.0.1705.1
MinimumVisualStudioVersion = 10.0.40219.1
Project("{FAE04EC0-301F-11D3-BF4B-00C04F79EFBC}") = "ContosoPizza", "ContosoPizza.csproj", "{81212CF6-9E81-47D3-BB7A-782BB482F255}"
EndProject
Global
	GlobalSection(SolutionConfigurationPlatforms) = preSolution
		Debug|Any CPU = Debug|Any CPU
		Release|Any CPU = Release|Any CPU
	EndGlobalSection
	GlobalSection(ProjectConfigurationPlatforms) = postSolution
		{81212CF6-9E81-47D3-BB7A-782BB482F255}.Debug|Any CPU.ActiveCfg = Debug|Any CPU
		{81212CF6-9E81-47D3-BB7A-782BB482F255}.Debug|Any CPU.Build.0 = Debug|Any CPU
		{81212CF6-9E81-47D3-BB7A-782BB482F255}.Release|Any CPU.ActiveCfg = Release|Any CPU
		{81212CF6-9E81-47D3-BB7A-782BB482F255}.Release|Any CPU.Build.0 = Release|Any CPU
	EndGlobalSection
	GlobalSection(SolutionProperties) = preSolution
		HideSolutionNode = FALSE
	EndGlobalSection
	GlobalSection(ExtensibilityGlobals) = postSolution
		SolutionGuid = {E39440C5-0601-418E-B31F-A973F6E6D730}
	EndGlobalSection
EndGlobal
